# This file was autogenerated by Stack.
# You should not edit this file by hand.
# For more information, please see the documentation at:
#   https://docs.haskellstack.org/en/stable/lock_files

packages:
- completed:
    hackage: discord-haskell-1.2.0@sha256:b5ed94c89fcc6bc468cf83e178daa6ebf9410275319efa2d5d91b61cd3251fce,3694
    pantry-tree:
      size: 1957
      sha256: d210adfc92c831c31b917d9b74cd4ddf920c006b4eed875e212a979fe1b7a6c6
  original:
    hackage: discord-haskell-1.2.0
- completed:
    hackage: emoji-0.1.0.2@sha256:d995572a5c7dcd28f98eb15c6e387a7b3bda1ac2477ab0d9dba8580d5d7b161f,1273
    pantry-tree:
      size: 437
      sha256: dd9ea90a631342e5db0fc21331ade4d563a685e9125d5a3989eefa8e1b96c6c6
  original:
    hackage: emoji-0.1.0.2
- completed:
    hackage: pretty-simple-3.2.1.0@sha256:fb416fda58138fc443cde3cb2a46f7a276b246756ec12d90bf97c3b2ea5715d1,4137
    pantry-tree:
      size: 1406
      sha256: d2ef9decb877b056b106c6736cc7eec80a553ab1d2e4a175fa1b36c39fee2328
  original:
    hackage: pretty-simple-3.2.1.0
- completed:
    hackage: fast-logger-3.0.0@sha256:665f61c0b20c8138efa760a549d4515aa216eeddda57d4a8918a09d9ead511ca,2255
    pantry-tree:
      size: 1000
      sha256: 964df5b3453ee96f48d613f2a3d5819040cbc9158b748eb143977af28c6b11fa
  original:
    hackage: fast-logger-3.0.0
- completed:
    hackage: selda-0.5.1.0@sha256:b942ecc9ff7959c922da92d13fcfe70a0823eafa32086663f3cc60138ce7d3bf,2997
    pantry-tree:
      size: 2462
      sha256: 050f9f2ed6f91bdedc44a6cdcbff38b37a75610d10153bbe64d82c2a347307d6
  original:
    hackage: selda-0.5.1.0
- completed:
    hackage: fused-effects-1.0.2.0@sha256:ba1fc7cc8cd31cb89f32dad68c7859cfc6c269aed445f725fbcc7d895127c6a7,4853
    pantry-tree:
      size: 5638
      sha256: 8cb7ed193d06cb623d1c235a250174c3e110eae3eba65e1492ef4d3a7f3fa342
  original:
    hackage: fused-effects-1.0.2.0
snapshots:
- completed:
    size: 524162
    url: https://raw.githubusercontent.com/commercialhaskell/stackage-snapshots/master/lts/14/21.yaml
    sha256: 9a55dd75853718f2bbbe951872b36a3b7802fcd71796e0f25b8664f24e34c666
  original: lts-14.21
